{
  "version": 2,
  "dependencies": {
    "net10.0": {
      "OpenTelemetry.Exporter.OpenTelemetryProtocol": {
        "type": "Direct",
        "requested": "[1.18.0, )",
        "resolved": "1.18.0",
        "contentHash": "Et3WAviooKGObZjUZN8d6eTsdJs1YM3ZoN+KlWSAHksTmHG1nyGi9XGo2wb0fkFMWK0g80FOPdR1njg52Dm+aw==",
        "dependencies": {
          "OpenTelemetry": "1.18.0"
        }
      },
      "OpenTelemetry.Extensions.Hosting": {
        "type": "Direct",
        "requested": "[1.18.0, )",
        "resolved": "1.18.0",
        "contentHash": "u+JMA82H65MKwMvd2qUpL8C2qE4Jux2nvX9hmy036UK/Apv2YyIRYCttF/vlX6nMPcAKI8BXkscmL4QG3C69fw==",
        "dependencies": {
          "OpenTelemetry": "1.18.0"
        }
      },
      "OpenTelemetry.Instrumentation.AspNetCore": {
        "type": "Direct",
        "requested": "[1.18.0, )",
        "resolved": "1.18.0",
        "contentHash": "hBiMXE/CGIAHUOpi0gScNkjHB0L9XbCin5lZObL+dMBl4OmpndnHgxP3JZDnnGtU6qOzdeh8TYUV9f6Jgmmhlw==",
        "dependencies": {
          "OpenTelemetry.Api.ProviderBuilderExtensions": "[1.18.0, 2.0.0)"
        }
      },
      "OpenTelemetry": {
        "type": "Transitive",
        "resolved": "1.18.0",
        "contentHash": "13AKxycK+olOLe061MjliPTNBR/DUkjyRr0b9zwUhKyMjFS8lXS7G31R85rkbM55up2YFmdykWdAw2giBDJpiQ==",
        "dependencies": {
          "OpenTelemetry.Api.ProviderBuilderExtensions": "1.18.0"
        }
      },
      "OpenTelemetry.Api": {
        "type": "Transitive",
        "resolved": "1.18.0",
        "contentHash": "Dhzm5oughIY9EWckt2J1yXcEbXpki5WCL2q7prJoYxzH6C7jdkfGtPMTkUVZZ4AhjJKzQnlC+kLSIlmIVwC4Vw=="
      },
      "OpenTelemetry.Api.ProviderBuilderExtensions": {
        "type": "Transitive",
        "resolved": "1.18.0",
        "contentHash": "io6A6PJFp3vIObRGf6oPjdHsdglkinXt/0SpTDJHrVnsLxUtOzwh/QwTsnhBJ43wJ6QcGMkyNzsSSY8XEB1Q5Q==",
        "dependencies": {
          "OpenTelemetry.Api": "1.18.0"
        }
      },
      "RESPite": {
        "type": "Transitive",
        "resolved": "3.1.31",
        "contentHash": "u+MFK6FzGWngKaY3wJ/V9vQSVe/NSqpk0IYYw6ACwmlPq5eTnsyZGlzEa3YMifJGVs3omrl5MkgigB1jZYNnGg=="
      },
      "System.IO.Hashing": {
        "type": "Transitive",
        "resolved": "10.0.5",
        "contentHash": "8IBJWcCT9+e4Bmevm4T7+fQEiAh133KGiz4oiVTgJckd3Q76OFdR1falgn9lpz7+C4HJvogCDJeAa2QmvbeVtg=="
      },
      "requestguardmcp.core": {
        "type": "Project"
      },
      "requestguardmcp.integrations": {
        "type": "Project",
        "dependencies": {
          "MaxMind.Db": "[5.1.0, )",
          "MaxMind.GeoIP2": "[6.1.0, )",
          "Npgsql": "[10.0.3, )",
          "RequestGuardMcp.Core": "[0.1.0, )",
          "StackExchange.Redis": "[3.1.31, )"
        }
      },
      "requestguardmcp.mcp": {
        "type": "Project",
        "dependencies": {
          "RequestGuardMcp.Core": "[0.1.0, )"
        }
      },
      "requestguardmcp.tools": {
        "type": "Project",
        "dependencies": {
          "RequestGuardMcp.Core": "[0.1.0, )",
          "RequestGuardMcp.Integrations": "[0.1.0, )",
          "RequestGuardMcp.Mcp": "[0.1.0, )"
        }
      },
      "MaxMind.Db": {
        "type": "CentralTransitive",
        "requested": "[5.1.0, )",
        "resolved": "5.1.0",
        "contentHash": "u4fynkxX0bNLYaz90N9m9FiaOX22WmEFKlHnvlqw8sswngH54oYvgynhT4GXZvqTy8l7D96/+E9OVzuu34ex9w=="
      },
      "MaxMind.GeoIP2": {
        "type": "CentralTransitive",
        "requested": "[6.1.0, )",
        "resolved": "6.1.0",
        "contentHash": "IBy7B0mhzZfLvCZd2znr8+nquNUL8K973MVorQEQowvlX/BHFCVHK6BoMhdIT6ZpDIc8ETMl4ZyixS/6iBQ26A==",
        "dependencies": {
          "MaxMind.Db": "5.1.0"
        }
      },
      "Npgsql": {
        "type": "CentralTransitive",
        "requested": "[10.0.3, )",
        "resolved": "10.0.3",
        "contentHash": "7nb5YzXuvWWJxB0J8DiyL3we+X4FOctZrt0fIBnucOIaIevFEEwGQVZKtiu9olXdlNAK1eNgqSral6r/jlhI4w=="
      },
      "StackExchange.Redis": {
        "type": "CentralTransitive",
        "requested": "[3.1.31, )",
        "resolved": "3.1.31",
        "contentHash": "QillloeZxgw9+IWmnowTrjrn+JV7JIMVzr1JiUpCa7pJQI48rtcqG9yy6u5UBRiTuCiKU5909aRu67Ch6gWVMg==",
        "dependencies": {
          "RESPite": "3.1.31",
          "System.IO.Hashing": "10.0.5"
        }
      }
    }
  }
}